// !$*UTF8*$!
{
	archiveVersion = 1;
	classes = {
	};
	objectVersion = 77;
	objects = {

/* Begin PBXBuildFile section */
		457683F62CF71743006FCAF6 /* WebRTC in Frameworks */ = {isa = PBXBuildFile; productRef = 457683F52CF71743006FCAF6 /* WebRTC */; };
		45B549042D05CC7100D6EC50 /* Starscream in Frameworks */ = {isa = PBXBuildFile; productRef = 45B549032D05CC7100D6EC50 /* Starscream */; };
/* End PBXBuildFile section */

/* Begin PBXContainerItemProxy section */
		455F303F2CF367CE00F64647 /* PBXContainerItemProxy */ = {
			isa = PBXContainerItemProxy;
			containerPortal = 455F30262CF367CC00F64647 /* Project object */;
			proxyType = 1;
			remoteGlobalIDString = 455F302D2CF367CC00F64647;
			remoteInfo = LillyTech;
		};
		455F30492CF367CE00F64647 /* PBXContainerItemProxy */ = {
			isa = PBXContainerItemProxy;
			containerPortal = 455F30262CF367CC00F64647 /* Project object */;
			proxyType = 1;
			remoteGlobalIDString = 455F302D2CF367CC00F64647;
			remoteInfo = LillyTech;
		};
/* End PBXContainerItemProxy section */

/* Begin PBXFileReference section */
		455F302E2CF367CC00F64647 /* LillyTech.app */ = {isa = PBXFileReference; explicitFileType = wrapper.application; includeInIndex = 0; path = LillyTech.app; sourceTree = BUILT_PRODUCTS_DIR; };
		455F303E2CF367CE00F64647 /* LillyTechTests.xctest */ = {isa = PBXFileReference; explicitFileType = wrapper.cfbundle; includeInIndex = 0; path = LillyTechTests.xctest; sourceTree = BUILT_PRODUCTS_DIR; };
		455F30482CF367CE00F64647 /* LillyTechUITests.xctest */ = {isa = PBXFileReference; explicitFileType = wrapper.cfbundle; includeInIndex = 0; path = LillyTechUITests.xctest; sourceTree = BUILT_PRODUCTS_DIR; };
/* End PBXFileReference section */

/* Begin PBXFileSystemSynchronizedRootGroup section */
		455F30302CF367CC00F64647 /* LillyTech */ = {
			isa = PBXFileSystemSynchronizedRootGroup;
			path = LillyTech;
			sourceTree = "<group>";
		};
		455F30412CF367CE00F64647 /* LillyTechTests */ = {
			isa = PBXFileSystemSynchronizedRootGroup;
			path = LillyTechTests;
			sourceTree = "<group>";
		};
		455F304B2CF367CE00F64647 /* LillyTechUITests */ = {
			isa = PBXFileSystemSynchronizedRootGroup;
			path = LillyTechUITests;
			sourceTree = "<group>";
		};
/* End PBXFileSystemSynchronizedRootGroup section */

/* Begin PBXFrameworksBuildPhase section */
		455F302B2CF367CC00F64647 /* Frameworks */ = {
			isa = PBXFrameworksBuildPhase;
			buildActionMask = 2147483647;
			files = (
				457683F62CF71743006FCAF6 /* WebRTC in Frameworks */,
				45B549042D05CC7100D6EC50 /* Starscream in Frameworks */,
			);
			runOnlyForDeploymentPostprocessing = 0;
		};
		455F303B2CF367CE00F64647 /* Frameworks */ = {
			isa = PBXFrameworksBuildPhase;
			buildActionMask = 2147483647;
			files = (
			);
			runOnlyForDeploymentPostprocessing = 0;
		};
		455F30452CF367CE00F64647 /* Frameworks */ = {
			isa = PBXFrameworksBuildPhase;
			buildActionMask = 2147483647;
			files = (
			);
			runOnlyForDeploymentPostprocessing = 0;
		};
/* End PBXFrameworksBuildPhase section */

/* Begin PBXGroup section */
		455F30252CF367CC00F64647 = {
			isa = PBXGroup;
			children = (
				455F30302CF367CC00F64647 /* LillyTech */,
				455F30412CF367CE00F64647 /* LillyTechTests */,
				455F304B2CF367CE00F64647 /* LillyTechUITests */,
				455F302F2CF367CC00F64647 /* Products */,
			);
			sourceTree = "<group>";
		};
		455F302F2CF367CC00F64647 /* Products */ = {
			isa = PBXGroup;
			children = (
				455F302E2CF367CC00F64647 /* LillyTech.app */,
				455F303E2CF367CE00F64647 /* LillyTechTests.xctest */,
				455F30482CF367CE00F64647 /* LillyTechUITests.xctest */,
			);
			name = Products;
			sourceTree = "<group>";
		};
/* End PBXGroup section */

/* Begin PBXNativeTarget section */
		455F302D2CF367CC00F64647 /* LillyTech */ = {
			isa = PBXNativeTarget;
			buildConfigurationList = 455F30522CF367CE00F64647 /* Build configuration list for PBXNativeTarget "LillyTech" */;
			buildPhases = (
				455F302A2CF367CC00F64647 /* Sources */,
				455F302B2CF367CC00F64647 /* Frameworks */,
				455F302C2CF367CC00F64647 /* Resources */,
			);
			buildRules = (
			);
			dependencies = (
			);
			fileSystemSynchronizedGroups = (
				455F30302CF367CC00F64647 /* LillyTech */,
			);
			name = LillyTech;
			packageProductDependencies = (
				457683F52CF71743006FCAF6 /* WebRTC */,
				45B549032D05CC7100D6EC50 /* Starscream */,
			);
			productName = LillyTech;
			productReference = 455F302E2CF367CC00F64647 /* LillyTech.app */;
			productType = "com.apple.product-type.application";
		};
		455F303D2CF367CE00F64647 /* LillyTechTests */ = {
			isa = PBXNativeTarget;
			buildConfigurationList = 455F30552CF367CE00F64647 /* Build configuration list for PBXNativeTarget "LillyTechTests" */;
			buildPhases = (
				455F303A2CF367CE00F64647 /* Sources */,
				455F303B2CF367CE00F64647 /* Frameworks */,
				455F303C2CF367CE00F64647 /* Resources */,
			);
			buildRules = (
			);
			dependencies = (
				455F30402CF367CE00F64647 /* PBXTargetDependency */,
			);
			fileSystemSynchronizedGroups = (
				455F30412CF367CE00F64647 /* LillyTechTests */,
			);
			name = LillyTechTests;
			packageProductDependencies = (
			);
			productName = LillyTechTests;
			productReference = 455F303E2CF367CE00F64647 /* LillyTechTests.xctest */;
			productType = "com.apple.product-type.bundle.unit-test";
		};
		455F30472CF367CE00F64647 /* LillyTechUITests */ = {
			isa = PBXNativeTarget;
			buildConfigurationList = 455F30582CF367CE00F64647 /* Build configuration list for PBXNativeTarget "LillyTechUITests" */;
			buildPhases = (
				455F30442CF367CE00F64647 /* Sources */,
				455F30452CF367CE00F64647 /* Frameworks */,
				455F30462CF367CE00F64647 /* Resources */,
			);
			buildRules = (
			);
			dependencies = (
				455F304A2CF367CE00F64647 /* PBXTargetDependency */,
			);
			fileSystemSynchronizedGroups = (
				455F304B2CF367CE00F64647 /* LillyTechUITests */,
			);
			name = LillyTechUITests;
			packageProductDependencies = (
			);
			productName = LillyTechUITests;
			productReference = 455F30482CF367CE00F64647 /* LillyTechUITests.xctest */;
			productType = "com.apple.product-type.bundle.ui-testing";
		};
/* End PBXNativeTarget section */

/* Begin PBXProject section */
		455F30262CF367CC00F64647 /* Project object */ = {
			isa = PBXProject;
			attributes = {
				BuildIndependentTargetsInParallel = 1;
				LastSwiftUpdateCheck = 1610;
				LastUpgradeCheck = 1610;
				TargetAttributes = {
					455F302D2CF367CC00F64647 = {
						CreatedOnToolsVersion = 16.1;
					};
					455F303D2CF367CE00F64647 = {
						CreatedOnToolsVersion = 16.1;
						TestTargetID = 455F302D2CF367CC00F64647;
					};
					455F30472CF367CE00F64647 = {
						CreatedOnToolsVersion = 16.1;
						TestTargetID = 455F302D2CF367CC00F64647;
					};
				};
			};
			buildConfigurationList = 455F30292CF367CC00F64647 /* Build configuration list for PBXProject "LillyTech" */;
			developmentRegion = en;
			hasScannedForEncodings = 0;
			knownRegions = (
				en,
				Base,
			);
			mainGroup = 455F30252CF367CC00F64647;
			minimizedProjectReferenceProxies = 1;
			packageReferences = (
				457683F42CF71743006FCAF6 /* XCRemoteSwiftPackageReference "WebRTC" */,
				45B549022D05CC7100D6EC50 /* XCRemoteSwiftPackageReference "Starscream" */,
			);
			preferredProjectObjectVersion = 77;
			productRefGroup = 455F302F2CF367CC00F64647 /* Products */;
			projectDirPath = "";
			projectRoot = "";
			targets = (
				455F302D2CF367CC00F64647 /* LillyTech */,
				455F303D2CF367CE00F64647 /* LillyTechTests */,
				455F30472CF367CE00F64647 /* LillyTechUITests */,
			);
		};
/* End PBXProject section */

/* Begin PBXResourcesBuildPhase section */
		455F302C2CF367CC00F64647 /* Resources */ = {
			isa = PBXResourcesBuildPhase;
			buildActionMask = 2147483647;
			files = (
			);
			runOnlyForDeploymentPostprocessing = 0;
		};
		455F303C2CF367CE00F64647 /* Resources */ = {
			isa = PBXResourcesBuildPhase;
			buildActionMask = 2147483647;
			files = (
			);
			runOnlyForDeploymentPostprocessing = 0;
		};
		455F30462CF367CE00F64647 /* Resources */ = {
			isa = PBXResourcesBuildPhase;
			buildActionMask = 2147483647;
			files = (
			);
			runOnlyForDeploymentPostprocessing = 0;
		};
/* End PBXResourcesBuildPhase section */

/* Begin PBXSourcesBuildPhase section */
		455F302A2CF367CC00F64647 /* Sources */ = {
			isa = PBXSourcesBuildPhase;
			buildActionMask = 2147483647;
			files = (
			);
			runOnlyForDeploymentPostprocessing = 0;
		};
		455F303A2CF367CE00F64647 /* Sources */ = {
			isa = PBXSourcesBuildPhase;
			buildActionMask = 2147483647;
			files = (
			);
			runOnlyForDeploymentPostprocessing = 0;
		};
		455F30442CF367CE00F64647 /* Sources */ = {
			isa = PBXSourcesBuildPhase;
			buildActionMask = 2147483647;
			files = (
			);
			runOnlyForDeploymentPostprocessing = 0;
		};
/* End PBXSourcesBuildPhase section */

/* Begin PBXTargetDependency section */
		455F30402CF367CE00F64647 /* PBXTargetDependency */ = {
			isa = PBXTargetDependency;
			target = 455F302D2CF367CC00F64647 /* LillyTech */;
			targetProxy = 455F303F2CF367CE00F64647 /* PBXContainerItemProxy */;
		};
		455F304A2CF367CE00F64647 /* PBXTargetDependency */ = {
			isa = PBXTargetDependency;
			target = 455F302D2CF367CC00F64647 /* LillyTech */;
			targetProxy = 455F30492CF367CE00F64647 /* PBXContainerItemProxy */;
		};
/* End PBXTargetDependency section */

/* Begin XCBuildConfiguration section */
		455F30502CF367CE00F64647 /* Debug */ = {
			isa = XCBuildConfiguration;
			buildSettings = {
				ALWAYS_SEARCH_USER_PATHS = NO;
				ASSETCATALOG_COMPILER_GENERATE_SWIFT_ASSET_SYMBOL_EXTENSIONS = YES;
				CLANG_ANALYZER_NONNULL = YES;
				CLANG_ANALYZER_NUMBER_OBJECT_CONVERSION = YES_AGGRESSIVE;
				CLANG_CXX_LANGUAGE_STANDARD = "gnu++20";
				CLANG_ENABLE_MODULES = YES;
				CLANG_ENABLE_OBJC_ARC = YES;
				CLANG_ENABLE_OBJC_WEAK = YES;
				CLANG_WARN_BLOCK_CAPTURE_AUTORELEASING = YES;
				CLANG_WARN_BOOL_CONVERSION = YES;
				CLANG_WARN_COMMA = YES;
				CLANG_WARN_CONSTANT_CONVERSION = YES;
				CLANG_WARN_DEPRECATED_OBJC_IMPLEMENTATIONS = YES;
				CLANG_WARN_DIRECT_OBJC_ISA_USAGE = YES_ERROR;
				CLANG_WARN_DOCUMENTATION_COMMENTS = YES;
				CLANG_WARN_EMPTY_BODY = YES;
				CLANG_WARN_ENUM_CONVERSION = YES;
				CLANG_WARN_INFINITE_RECURSION = YES;
				CLANG_WARN_INT_CONVERSION = YES;
				CLANG_WARN_NON_LITERAL_NULL_CONVERSION = YES;
				CLANG_WARN_OBJC_IMPLICIT_RETAIN_SELF = YES;
				CLANG_WARN_OBJC_LITERAL_CONVERSION = YES;
				CLANG_WARN_OBJC_ROOT_CLASS = YES_ERROR;
				CLANG_WARN_QUOTED_INCLUDE_IN_FRAMEWORK_HEADER = YES;
				CLANG_WARN_RANGE_LOOP_ANALYSIS = YES;
				CLANG_WARN_STRICT_PROTOTYPES = YES;
				CLANG_WARN_SUSPICIOUS_MOVE = YES;
				CLANG_WARN_UNGUARDED_AVAILABILITY = YES_AGGRESSIVE;
				CLANG_WARN_UNREACHABLE_CODE = YES;
				CLANG_WARN__DUPLICATE_METHOD_MATCH = YES;
				COPY_PHASE_STRIP = NO;
				DEBUG_INFORMATION_FORMAT = dwarf;
				ENABLE_STRICT_OBJC_MSGSEND = YES;
				ENABLE_TESTABILITY = YES;
				ENABLE_USER_SCRIPT_SANDBOXING = YES;
				GCC_C_LANGUAGE_STANDARD = gnu17;
				GCC_DYNAMIC_NO_PIC = NO;
				GCC_NO_COMMON_BLOCKS = YES;
				GCC_OPTIMIZATION_LEVEL = 0;
				GCC_PREPROCESSOR_DEFINITIONS = (
					"DEBUG=1",
					"$(inherited)",
				);
				GCC_WARN_64_TO_32_BIT_CONVERSION = YES;
				GCC_WARN_ABOUT_RETURN_TYPE = YES_ERROR;
				GCC_WARN_UNDECLARED_SELECTOR = YES;
				GCC_WARN_UNINITIALIZED_AUTOS = YES_AGGRESSIVE;
				GCC_WARN_UNUSED_FUNCTION = YES;
				GCC_WARN_UNUSED_VARIABLE = YES;
				INFOPLIST_KEY_NSMicrophoneUsageDescription = "LillyTech needs microphone access for real-time audio translation.";
				IPHONEOS_DEPLOYMENT_TARGET = 18.1;
				LOCALIZATION_PREFERS_STRING_CATALOGS = YES;
				MTL_ENABLE_DEBUG_INFO = INCLUDE_SOURCE;
				MTL_FAST_MATH = YES;
				ONLY_ACTIVE_ARCH = YES;
				SDKROOT = iphoneos;
				SWIFT_ACTIVE_COMPILATION_CONDITIONS = "DEBUG $(inherited)";
				SWIFT_OPTIMIZATION_LEVEL = "-Onone";
			};
			name = Debug;
		};
		455F30512CF367CE00F64647 /* Release */ = {
			isa = XCBuildConfiguration;
			buildSettings = {
				ALWAYS_SEARCH_USER_PATHS = NO;
				ASSETCATALOG_COMPILER_GENERATE_SWIFT_ASSET_SYMBOL_EXTENSIONS = YES;
				CLANG_ANALYZER_NONNULL = YES;
				CLANG_ANALYZER_NUMBER_OBJECT_CONVERSION = YES_AGGRESSIVE;
				CLANG_CXX_LANGUAGE_STANDARD = "gnu++20";
				CLANG_ENABLE_MODULES = YES;
				CLANG_ENABLE_OBJC_ARC = YES;
				CLANG_ENABLE_OBJC_WEAK = YES;
				CLANG_WARN_BLOCK_CAPTURE_AUTORELEASING = YES;
				CLANG_WARN_BOOL_CONVERSION = YES;
				CLANG_WARN_COMMA = YES;
				CLANG_WARN_CONSTANT_CONVERSION = YES;
				CLANG_WARN_DEPRECATED_OBJC_IMPLEMENTATIONS = YES;
				CLANG_WARN_DIRECT_OBJC_ISA_USAGE = YES_ERROR;
				CLANG_WARN_DOCUMENTATION_COMMENTS = YES;
				CLANG_WARN_EMPTY_BODY = YES;
				CLANG_WARN_ENUM_CONVERSION = YES;
				CLANG_WARN_INFINITE_RECURSION = YES;
				CLANG_WARN_INT_CONVERSION = YES;
				CLANG_WARN_NON_LITERAL_NULL_CONVERSION = YES;
				CLANG_WARN_OBJC_IMPLICIT_RETAIN_SELF = YES;
				CLANG_WARN_OBJC_LITERAL_CONVERSION = YES;
				CLANG_WARN_OBJC_ROOT_CLASS = YES_ERROR;
				CLANG_WARN_QUOTED_INCLUDE_IN_FRAMEWORK_HEADER = YES;
				CLANG_WARN_RANGE_LOOP_ANALYSIS = YES;
				CLANG_WARN_STRICT_PROTOTYPES = YES;
				CLANG_WARN_SUSPICIOUS_MOVE = YES;
				CLANG_WARN_UNGUARDED_AVAILABILITY = YES_AGGRESSIVE;
				CLANG_WARN_UNREACHABLE_CODE = YES;
				CLANG_WARN__DUPLICATE_METHOD_MATCH = YES;
				COPY_PHASE_STRIP = NO;
				DEBUG_INFORMATION_FORMAT = "dwarf-with-dsym";
				ENABLE_NS_ASSERTIONS = NO;
				ENABLE_STRICT_OBJC_MSGSEND = YES;
				ENABLE_USER_SCRIPT_SANDBOXING = YES;
				GCC_C_LANGUAGE_STANDARD = gnu17;
				GCC_NO_COMMON_BLOCKS = YES;
				GCC_WARN_64_TO_32_BIT_CONVERSION = YES;
				GCC_WARN_ABOUT_RETURN_TYPE = YES_ERROR;
				GCC_WARN_UNDECLARED_SELECTOR = YES;
				GCC_WARN_UNINITIALIZED_AUTOS = YES_AGGRESSIVE;
				GCC_WARN_UNUSED_FUNCTION = YES;
				GCC_WARN_UNUSED_VARIABLE = YES;
				INFOPLIST_KEY_NSMicrophoneUsageDescription = "LillyTech needs microphone access for real-time audio translation.";
				IPHONEOS_DEPLOYMENT_TARGET = 18.1;
				LOCALIZATION_PREFERS_STRING_CATALOGS = YES;
				MTL_ENABLE_DEBUG_INFO = NO;
				MTL_FAST_MATH = YES;
				SDKROOT = iphoneos;
				SWIFT_COMPILATION_MODE = wholemodule;
				VALIDATE_PRODUCT = YES;
			};
			name = Release;
		};
		455F30532CF367CE00F64647 /* Debug */ = {
			isa = XCBuildConfiguration;
			buildSettings = {
				ASSETCATALOG_COMPILER_APPICON_NAME = AppIcon;
				ASSETCATALOG_COMPILER_GLOBAL_ACCENT_COLOR_NAME = AccentColor;
				ASSETCATALOG_COMPILER_INCLUDE_ALL_APPICON_ASSETS = YES;
				CODE_SIGN_STYLE = Automatic;
				CURRENT_PROJECT_VERSION = 1;
				DEVELOPMENT_ASSET_PATHS = "\"LillyTech/Resources/Preview Content\"";
				DEVELOPMENT_TEAM = 5A34C2WAYH;
				ENABLE_PREVIEWS = YES;
				GENERATE_INFOPLIST_FILE = YES;
				INFOPLIST_KEY_UIApplicationSceneManifest_Generation = YES;
				INFOPLIST_KEY_UIApplicationSupportsIndirectInputEvents = YES;
				INFOPLIST_KEY_UILaunchScreen_Generation = YES;
				INFOPLIST_KEY_UISupportedInterfaceOrientations_iPad = "UIInterfaceOrientationPortrait UIInterfaceOrientationPortraitUpsideDown UIInterfaceOrientationLandscapeLeft UIInterfaceOrientationLandscapeRight";
				INFOPLIST_KEY_UISupportedInterfaceOrientations_iPhone = "UIInterfaceOrientationPortrait UIInterfaceOrientationLandscapeLeft UIInterfaceOrientationLandscapeRight";
				IPHONEOS_DEPLOYMENT_TARGET = 15.6;
				LD_RUNPATH_SEARCH_PATHS = (
					"$(inherited)",
					"@executable_path/Frameworks",
				);
				MARKETING_VERSION = 1.0;
				PRODUCT_BUNDLE_IDENTIFIER = com.Transearly.LillyTech;
				PRODUCT_NAME = "$(TARGET_NAME)";
				SWIFT_EMIT_LOC_STRINGS = YES;
				SWIFT_VERSION = 5.0;
				TARGETED_DEVICE_FAMILY = "1,2";
			};
			name = Debug;
		};
		455F30542CF367CE00F64647 /* Release */ = {
			isa = XCBuildConfiguration;
			buildSettings = {
				ASSETCATALOG_COMPILER_APPICON_NAME = AppIcon;
				ASSETCATALOG_COMPILER_GLOBAL_ACCENT_COLOR_NAME = AccentColor;
				ASSETCATALOG_COMPILER_INCLUDE_ALL_APPICON_ASSETS = YES;
				CODE_SIGN_STYLE = Automatic;
				CURRENT_PROJECT_VERSION = 1;
				DEVELOPMENT_ASSET_PATHS = "\"LillyTech/Resources/Preview Content\"";
				DEVELOPMENT_TEAM = 5A34C2WAYH;
				ENABLE_PREVIEWS = YES;
				GENERATE_INFOPLIST_FILE = YES;
				INFOPLIST_KEY_UIApplicationSceneManifest_Generation = YES;
				INFOPLIST_KEY_UIApplicationSupportsIndirectInputEvents = YES;
				INFOPLIST_KEY_UILaunchScreen_Generation = YES;
				INFOPLIST_KEY_UISupportedInterfaceOrientations_iPad = "UIInterfaceOrientationPortrait UIInterfaceOrientationPortraitUpsideDown UIInterfaceOrientationLandscapeLeft UIInterfaceOrientationLandscapeRight";
				INFOPLIST_KEY_UISupportedInterfaceOrientations_iPhone = "UIInterfaceOrientationPortrait UIInterfaceOrientationLandscapeLeft UIInterfaceOrientationLandscapeRight";
				IPHONEOS_DEPLOYMENT_TARGET = 15.6;
				LD_RUNPATH_SEARCH_PATHS = (
					"$(inherited)",
					"@executable_path/Frameworks",
				);
				MARKETING_VERSION = 1.0;
				PRODUCT_BUNDLE_IDENTIFIER = com.Transearly.LillyTech;
				PRODUCT_NAME = "$(TARGET_NAME)";
				SWIFT_EMIT_LOC_STRINGS = YES;
				SWIFT_VERSION = 5.0;
				TARGETED_DEVICE_FAMILY = "1,2";
			};
			name = Release;
		};
		455F30562CF367CE00F64647 /* Debug */ = {
			isa = XCBuildConfiguration;
			buildSettings = {
				BUNDLE_LOADER = "$(TEST_HOST)";
				CODE_SIGN_STYLE = Automatic;
				CURRENT_PROJECT_VERSION = 1;
				DEVELOPMENT_TEAM = 5A34C2WAYH;
				GENERATE_INFOPLIST_FILE = YES;
				IPHONEOS_DEPLOYMENT_TARGET = 18.1;
				MARKETING_VERSION = 1.0;
				PRODUCT_BUNDLE_IDENTIFIER = com.Transearly.LillyTechTests;
				PRODUCT_NAME = "$(TARGET_NAME)";
				SWIFT_EMIT_LOC_STRINGS = NO;
				SWIFT_VERSION = 5.0;
				TARGETED_DEVICE_FAMILY = "1,2";
				TEST_HOST = "$(BUILT_PRODUCTS_DIR)/LillyTech.app/$(BUNDLE_EXECUTABLE_FOLDER_PATH)/LillyTech";
			};
			name = Debug;
		};
		455F30572CF367CE00F64647 /* Release */ = {
			isa = XCBuildConfiguration;
			buildSettings = {
				BUNDLE_LOADER = "$(TEST_HOST)";
				CODE_SIGN_STYLE = Automatic;
				CURRENT_PROJECT_VERSION = 1;
				DEVELOPMENT_TEAM = 5A34C2WAYH;
				GENERATE_INFOPLIST_FILE = YES;
				IPHONEOS_DEPLOYMENT_TARGET = 18.1;
				MARKETING_VERSION = 1.0;
				PRODUCT_BUNDLE_IDENTIFIER = com.Transearly.LillyTechTests;
				PRODUCT_NAME = "$(TARGET_NAME)";
				SWIFT_EMIT_LOC_STRINGS = NO;
				SWIFT_VERSION = 5.0;
				TARGETED_DEVICE_FAMILY = "1,2";
				TEST_HOST = "$(BUILT_PRODUCTS_DIR)/LillyTech.app/$(BUNDLE_EXECUTABLE_FOLDER_PATH)/LillyTech";
			};
			name = Release;
		};
		455F30592CF367CE00F64647 /* Debug */ = {
			isa = XCBuildConfiguration;
			buildSettings = {
				CODE_SIGN_STYLE = Automatic;
				CURRENT_PROJECT_VERSION = 1;
				DEVELOPMENT_TEAM = 5A34C2WAYH;
				GENERATE_INFOPLIST_FILE = YES;
				MARKETING_VERSION = 1.0;
				PRODUCT_BUNDLE_IDENTIFIER = com.Transearly.LillyTechUITests;
				PRODUCT_NAME = "$(TARGET_NAME)";
				SWIFT_EMIT_LOC_STRINGS = NO;
				SWIFT_VERSION = 5.0;
				TARGETED_DEVICE_FAMILY = "1,2";
				TEST_TARGET_NAME = LillyTech;
			};
			name = Debug;
		};
		455F305A2CF367CE00F64647 /* Release */ = {
			isa = XCBuildConfiguration;
			buildSettings = {
				CODE_SIGN_STYLE = Automatic;
				CURRENT_PROJECT_VERSION = 1;
				DEVELOPMENT_TEAM = 5A34C2WAYH;
				GENERATE_INFOPLIST_FILE = YES;
				MARKETING_VERSION = 1.0;
				PRODUCT_BUNDLE_IDENTIFIER = com.Transearly.LillyTechUITests;
				PRODUCT_NAME = "$(TARGET_NAME)";
				SWIFT_EMIT_LOC_STRINGS = NO;
				SWIFT_VERSION = 5.0;
				TARGETED_DEVICE_FAMILY = "1,2";
				TEST_TARGET_NAME = LillyTech;
			};
			name = Release;
		};
/* End XCBuildConfiguration section */

/* Begin XCConfigurationList section */
		455F30292CF367CC00F64647 /* Build configuration list for PBXProject "LillyTech" */ = {
			isa = XCConfigurationList;
			buildConfigurations = (
				455F30502CF367CE00F64647 /* Debug */,
				455F30512CF367CE00F64647 /* Release */,
			);
			defaultConfigurationIsVisible = 0;
			defaultConfigurationName = Release;
		};
		455F30522CF367CE00F64647 /* Build configuration list for PBXNativeTarget "LillyTech" */ = {
			isa = XCConfigurationList;
			buildConfigurations = (
				455F30532CF367CE00F64647 /* Debug */,
				455F30542CF367CE00F64647 /* Release */,
			);
			defaultConfigurationIsVisible = 0;
			defaultConfigurationName = Release;
		};
		455F30552CF367CE00F64647 /* Build configuration list for PBXNativeTarget "LillyTechTests" */ = {
			isa = XCConfigurationList;
			buildConfigurations = (
				455F30562CF367CE00F64647 /* Debug */,
				455F30572CF367CE00F64647 /* Release */,
			);
			defaultConfigurationIsVisible = 0;
			defaultConfigurationName = Release;
		};
		455F30582CF367CE00F64647 /* Build configuration list for PBXNativeTarget "LillyTechUITests" */ = {
			isa = XCConfigurationList;
			buildConfigurations = (
				455F30592CF367CE00F64647 /* Debug */,
				455F305A2CF367CE00F64647 /* Release */,
			);
			defaultConfigurationIsVisible = 0;
			defaultConfigurationName = Release;
		};
/* End XCConfigurationList section */

/* Begin XCRemoteSwiftPackageReference section */
		457683F42CF71743006FCAF6 /* XCRemoteSwiftPackageReference "WebRTC" */ = {
			isa = XCRemoteSwiftPackageReference;
			repositoryURL = "https://github.com/stasel/WebRTC.git";
			requirement = {
				kind = upToNextMajorVersion;
				minimumVersion = 130.0.0;
			};
		};
		45B549022D05CC7100D6EC50 /* XCRemoteSwiftPackageReference "Starscream" */ = {
			isa = XCRemoteSwiftPackageReference;
			repositoryURL = "https://github.com/daltoniam/Starscream.git";
			requirement = {
				kind = upToNextMajorVersion;
				minimumVersion = 4.0.8;
			};
		};
/* End XCRemoteSwiftPackageReference section */

/* Begin XCSwiftPackageProductDependency section */
		457683F52CF71743006FCAF6 /* WebRTC */ = {
			isa = XCSwiftPackageProductDependency;
			package = 457683F42CF71743006FCAF6 /* XCRemoteSwiftPackageReference "WebRTC" */;
			productName = WebRTC;
		};
		45B549032D05CC7100D6EC50 /* Starscream */ = {
			isa = XCSwiftPackageProductDependency;
			package = 45B549022D05CC7100D6EC50 /* XCRemoteSwiftPackageReference "Starscream" */;
			productName = Starscream;
		};
/* End XCSwiftPackageProductDependency section */
	};
	rootObject = 455F30262CF367CC00F64647 /* Project object */;
}
